
Microsoft Visual Studio Solution File, Format Version 12.00
# Visual Studio Version 17
VisualStudioVersion = 17.8.34408.163
MinimumVisualStudioVersion = 10.0.40219.1
Project("{9A19103F-16F7-4668-BE54-9A1E7A4F7556}") = "GoFood.API", "SistemaWeb.API\GoFood.API.csproj", "{33877A43-32FA-4B02-94CD-C9D883B51EEC}"
EndProject
Project("{9A19103F-16F7-4668-BE54-9A1E7A4F7556}") = "GoFood", "GoFood\GoFood.csproj", "{3AE5AC84-5C7B-48F0-9DCE-A4534ED80729}"
EndProject
Project("{9A19103F-16F7-4668-BE54-9A1E7A4F7556}") = "GoFood.Domain", "GoFood.Domain\GoFood.Domain.csproj", "{3856E475-CCA9-429B-B9D8-E3021648AEAB}"
EndProject
Project("{FAE04EC0-301F-11D3-BF4B-00C04F79EFBC}") = "GoFood.Test", "GoFood.Test\GoFood.Test.csproj", "{EE22FA91-8655-4B08-ABB3-418D6CF94BE3}"
EndProject
Global
	GlobalSection(SolutionConfigurationPlatforms) = preSolution
		Debug|Any CPU = Debug|Any CPU
		Release|Any CPU = Release|Any CPU
	EndGlobalSection
	GlobalSection(ProjectConfigurationPlatforms) = postSolution
		{33877A43-32FA-4B02-94CD-C9D883B51EEC}.Debug|Any CPU.ActiveCfg = Debug|Any CPU
		{33877A43-32FA-4B02-94CD-C9D883B51EEC}.Debug|Any CPU.Build.0 = Debug|Any CPU
		{33877A43-32FA-4B02-94CD-C9D883B51EEC}.Release|Any CPU.ActiveCfg = Release|Any CPU
		{33877A43-32FA-4B02-94CD-C9D883B51EEC}.Release|Any CPU.Build.0 = Release|Any CPU
		{3AE5AC84-5C7B-48F0-9DCE-A4534ED80729}.Debug|Any CPU.ActiveCfg = Debug|Any CPU
		{3AE5AC84-5C7B-48F0-9DCE-A4534ED80729}.Debug|Any CPU.Build.0 = Debug|Any CPU
		{3AE5AC84-5C7B-48F0-9DCE-A4534ED80729}.Release|Any CPU.ActiveCfg = Release|Any CPU
		{3AE5AC84-5C7B-48F0-9DCE-A4534ED80729}.Release|Any CPU.Build.0 = Release|Any CPU
		{3856E475-CCA9-429B-B9D8-E3021648AEAB}.Debug|Any CPU.ActiveCfg = Debug|Any CPU
		{3856E475-CCA9-429B-B9D8-E3021648AEAB}.Debug|Any CPU.Build.0 = Debug|Any CPU
		{3856E475-CCA9-429B-B9D8-E3021648AEAB}.Release|Any CPU.ActiveCfg = Release|Any CPU
		{3856E475-CCA9-429B-B9D8-E3021648AEAB}.Release|Any CPU.Build.0 = Release|Any CPU
		{EE22FA91-8655-4B08-ABB3-418D6CF94BE3}.Debug|Any CPU.ActiveCfg = Debug|Any CPU
		{EE22FA91-8655-4B08-ABB3-418D6CF94BE3}.Debug|Any CPU.Build.0 = Debug|Any CPU
		{EE22FA91-8655-4B08-ABB3-418D6CF94BE3}.Release|Any CPU.ActiveCfg = Release|Any CPU
		{EE22FA91-8655-4B08-ABB3-418D6CF94BE3}.Release|Any CPU.Build.0 = Release|Any CPU
	EndGlobalSection
	GlobalSection(SolutionProperties) = preSolution
		HideSolutionNode = FALSE
	EndGlobalSection
	GlobalSection(ExtensibilityGlobals) = postSolution
		SolutionGuid = {3A1407F6-ADFB-4C57-8AE7-D4486DF01067}
	EndGlobalSection
EndGlobal
