
Microsoft Visual Studio Solution File, Format Version 12.00
# Visual Studio Version 17
VisualStudioVersion = 17.8.34408.163
MinimumVisualStudioVersion = 10.0.40219.1
Project("{9A19103F-16F7-4668-BE54-9A1E7A4F7556}") = "GoFood.API", "SistemaWeb.API\GoFood.API.csproj", "{33877A43-32FA-4B02-94CD-C9D883B51EEC}"
EndProject
Project("{9A19103F-16F7-4668-BE54-9A1E7A4F7556}") = "GoFood", "GoFood\GoFood.csproj", "{3AE5AC84-5C7B-48F0-9DCE-A4534ED80729}"
EndProject
Project("{9A19103F-16F7-4668-BE54-9A1E7A4F7556}") = "GoFood.Domain", "GoFood.Domain\GoFood.Domain.csproj", "{3856E475-CCA9-429B-B9D8-E3021648AEAB}"
EndProject
Project("{9A19103F-16F7-4668-BE54-9A1E7A4F7556}") = "GoFood.Test", "GoFood.Test\GoFood.Test.csproj", "{EE22FA91-8655-4B08-ABB3-418D6CF94BE3}"
EndProject
Project("{2150E333-8FDC-42A3-9474-1A3956D46DE8}") = "API", "API", "{8F599DFC-ED99-4040-B0F7-52E70CD6B8BB}"
EndProject
Project("{2150E333-8FDC-42A3-9474-1A3956D46DE8}") = "Web", "Web", "{D77790F4-AA67-4326-815A-A777AC86A8C5}"
EndProject
Project("{9A19103F-16F7-4668-BE54-9A1E7A4F7556}") = "GoFood.Application", "GoFood.Application\GoFood.Application.csproj", "{35CC3465-0867-4EB8-A7FC-0F53593CC90F}"
EndProject
Project("{2150E333-8FDC-42A3-9474-1A3956D46DE8}") = "Core", "Core", "{F57623F6-B9AA-4B73-843A-896FE136AB06}"
EndProject
Project("{2150E333-8FDC-42A3-9474-1A3956D46DE8}") = "Test", "Test", "{14D68B61-C05D-4D90-900D-44BD053918D8}"
EndProject
Global
	GlobalSection(SolutionConfigurationPlatforms) = preSolution
		Debug|Any CPU = Debug|Any CPU
		Release|Any CPU = Release|Any CPU
	EndGlobalSection
	GlobalSection(ProjectConfigurationPlatforms) = postSolution
		{33877A43-32FA-4B02-94CD-C9D883B51EEC}.Debug|Any CPU.ActiveCfg = Debug|Any CPU
		{33877A43-32FA-4B02-94CD-C9D883B51EEC}.Debug|Any CPU.Build.0 = Debug|Any CPU
		{33877A43-32FA-4B02-94CD-C9D883B51EEC}.Release|Any CPU.ActiveCfg = Release|Any CPU
		{33877A43-32FA-4B02-94CD-C9D883B51EEC}.Release|Any CPU.Build.0 = Release|Any CPU
		{3AE5AC84-5C7B-48F0-9DCE-A4534ED80729}.Debug|Any CPU.ActiveCfg = Debug|Any CPU
		{3AE5AC84-5C7B-48F0-9DCE-A4534ED80729}.Debug|Any CPU.Build.0 = Debug|Any CPU
		{3AE5AC84-5C7B-48F0-9DCE-A4534ED80729}.Release|Any CPU.ActiveCfg = Release|Any CPU
		{3AE5AC84-5C7B-48F0-9DCE-A4534ED80729}.Release|Any CPU.Build.0 = Release|Any CPU
		{3856E475-CCA9-429B-B9D8-E3021648AEAB}.Debug|Any CPU.ActiveCfg = Debug|Any CPU
		{3856E475-CCA9-429B-B9D8-E3021648AEAB}.Debug|Any CPU.Build.0 = Debug|Any CPU
		{3856E475-CCA9-429B-B9D8-E3021648AEAB}.Release|Any CPU.ActiveCfg = Release|Any CPU
		{3856E475-CCA9-429B-B9D8-E3021648AEAB}.Release|Any CPU.Build.0 = Release|Any CPU
		{EE22FA91-8655-4B08-ABB3-418D6CF94BE3}.Debug|Any CPU.ActiveCfg = Debug|Any CPU
		{EE22FA91-8655-4B08-ABB3-418D6CF94BE3}.Debug|Any CPU.Build.0 = Debug|Any CPU
		{EE22FA91-8655-4B08-ABB3-418D6CF94BE3}.Release|Any CPU.ActiveCfg = Release|Any CPU
		{EE22FA91-8655-4B08-ABB3-418D6CF94BE3}.Release|Any CPU.Build.0 = Release|Any CPU
		{35CC3465-0867-4EB8-A7FC-0F53593CC90F}.Debug|Any CPU.ActiveCfg = Debug|Any CPU
		{35CC3465-0867-4EB8-A7FC-0F53593CC90F}.Debug|Any CPU.Build.0 = Debug|Any CPU
		{35CC3465-0867-4EB8-A7FC-0F53593CC90F}.Release|Any CPU.ActiveCfg = Release|Any CPU
		{35CC3465-0867-4EB8-A7FC-0F53593CC90F}.Release|Any CPU.Build.0 = Release|Any CPU
	EndGlobalSection
	GlobalSection(SolutionProperties) = preSolution
		HideSolutionNode = FALSE
	EndGlobalSection
	GlobalSection(NestedProjects) = preSolution
		{33877A43-32FA-4B02-94CD-C9D883B51EEC} = {8F599DFC-ED99-4040-B0F7-52E70CD6B8BB}
		{3AE5AC84-5C7B-48F0-9DCE-A4534ED80729} = {D77790F4-AA67-4326-815A-A777AC86A8C5}
		{3856E475-CCA9-429B-B9D8-E3021648AEAB} = {F57623F6-B9AA-4B73-843A-896FE136AB06}
		{EE22FA91-8655-4B08-ABB3-418D6CF94BE3} = {14D68B61-C05D-4D90-900D-44BD053918D8}
		{35CC3465-0867-4EB8-A7FC-0F53593CC90F} = {F57623F6-B9AA-4B73-843A-896FE136AB06}
	EndGlobalSection
	GlobalSection(ExtensibilityGlobals) = postSolution
		SolutionGuid = {3A1407F6-ADFB-4C57-8AE7-D4486DF01067}
	EndGlobalSection
EndGlobal
